
Microsoft Visual Studio Solution File, Format Version 12.00
Project("{FAE04EC0-301F-11D3-BF4B-00C04F79EFBC}") = "JayyTee.MinimialApi", "src\JayyTee.MinimialApi\JayyTee.MinimialApi.csproj", "{23D289E4-7223-497B-B257-A92CA3896A66}"
EndProject
Project("{FAE04EC0-301F-11D3-BF4B-00C04F79EFBC}") = "JayyTee.MinimalApi.ApiTests", "tests\JayyTee.MinimalApi.ApiTests\JayyTee.MinimalApi.ApiTests.csproj", "{F58F05D1-3731-40D4-A0D5-17B621E657C4}"
EndProject
Global
	GlobalSection(SolutionConfigurationPlatforms) = preSolution
		Debug|Any CPU = Debug|Any CPU
		Release|Any CPU = Release|Any CPU
	EndGlobalSection
	GlobalSection(ProjectConfigurationPlatforms) = postSolution
		{23D289E4-7223-497B-B257-A92CA3896A66}.Debug|Any CPU.ActiveCfg = Debug|Any CPU
		{23D289E4-7223-497B-B257-A92CA3896A66}.Debug|Any CPU.Build.0 = Debug|Any CPU
		{23D289E4-7223-497B-B257-A92CA3896A66}.Release|Any CPU.ActiveCfg = Release|Any CPU
		{23D289E4-7223-497B-B257-A92CA3896A66}.Release|Any CPU.Build.0 = Release|Any CPU
		{F58F05D1-3731-40D4-A0D5-17B621E657C4}.Debug|Any CPU.ActiveCfg = Debug|Any CPU
		{F58F05D1-3731-40D4-A0D5-17B621E657C4}.Debug|Any CPU.Build.0 = Debug|Any CPU
		{F58F05D1-3731-40D4-A0D5-17B621E657C4}.Release|Any CPU.ActiveCfg = Release|Any CPU
		{F58F05D1-3731-40D4-A0D5-17B621E657C4}.Release|Any CPU.Build.0 = Release|Any CPU
	EndGlobalSection
EndGlobal
